
Microsoft Visual Studio Solution File, Format Version 12.00
# Visual Studio 15
VisualStudioVersion = 15.0.28307.852
MinimumVisualStudioVersion = 10.0.40219.1
Project("{FAE04EC0-301F-11D3-BF4B-00C04F79EFBC}") = "Manager_project", "Manager_project\Manager_project.csproj", "{6BE9D4A4-87C2-4F16-A463-541D1648F9AA}"
EndProject
Global
	GlobalSection(SolutionConfigurationPlatforms) = preSolution
		Debug|Any CPU = Debug|Any CPU
		Release|Any CPU = Release|Any CPU
	EndGlobalSection
	GlobalSection(ProjectConfigurationPlatforms) = postSolution
		{6BE9D4A4-87C2-4F16-A463-541D1648F9AA}.Debug|Any CPU.ActiveCfg = Debug|Any CPU
		{6BE9D4A4-87C2-4F16-A463-541D1648F9AA}.Debug|Any CPU.Build.0 = Debug|Any CPU
		{6BE9D4A4-87C2-4F16-A463-541D1648F9AA}.Release|Any CPU.ActiveCfg = Release|Any CPU
		{6BE9D4A4-87C2-4F16-A463-541D1648F9AA}.Release|Any CPU.Build.0 = Release|Any CPU
	EndGlobalSection
	GlobalSection(SolutionProperties) = preSolution
		HideSolutionNode = FALSE
	EndGlobalSection
	GlobalSection(ExtensibilityGlobals) = postSolution
		SolutionGuid = {486007E4-A551-432A-B65F-E8E31B1D5CA5}
	EndGlobalSection
EndGlobal
